
Microsoft Visual Studio Solution File, Format Version 12.00
# Visual Studio 15
VisualStudioVersion = 15.0.28307.168
MinimumVisualStudioVersion = 10.0.40219.1
Project("{888888A0-9F3D-457C-B088-3A5042F75D52}") = "covidtracker", "covidtracker.pyproj", "{7723DFD4-9B0C-48E1-A7C2-0A72C0E79BCC}"
EndProject
Global
	GlobalSection(SolutionConfigurationPlatforms) = preSolution
		Debug|Any CPU = Debug|Any CPU
		Release|Any CPU = Release|Any CPU
	EndGlobalSection
	GlobalSection(ProjectConfigurationPlatforms) = postSolution
		{7723DFD4-9B0C-48E1-A7C2-0A72C0E79BCC}.Debug|Any CPU.ActiveCfg = Debug|Any CPU
		{7723DFD4-9B0C-48E1-A7C2-0A72C0E79BCC}.Release|Any CPU.ActiveCfg = Release|Any CPU
	EndGlobalSection
	GlobalSection(SolutionProperties) = preSolution
		HideSolutionNode = FALSE
	EndGlobalSection
	GlobalSection(ExtensibilityGlobals) = postSolution
		SolutionGuid = {63E40782-B762-41C3-A967-EB47F0803EBC}
	EndGlobalSection
EndGlobal
